// !$*UTF8*$!
{
	archiveVersion = 1;
	classes = {
	};
	objectVersion = 46;
	objects = {

/* Begin PBXBuildFile section */
		C89F1AFE19BC932A00955288 /* AppDelegate.swift in Sources */ = {isa = PBXBuildFile; fileRef = C89F1AFD19BC932A00955288 /* AppDelegate.swift */; };
		C89F1B0019BC932A00955288 /* ViewController.swift in Sources */ = {isa = PBXBuildFile; fileRef = C89F1AFF19BC932A00955288 /* ViewController.swift */; };
		C89F1B0319BC932A00955288 /* Main.storyboard in Resources */ = {isa = PBXBuildFile; fileRef = C89F1B0119BC932A00955288 /* Main.storyboard */; };
		C89F1B0519BC932A00955288 /* Images.xcassets in Resources */ = {isa = PBXBuildFile; fileRef = C89F1B0419BC932A00955288 /* Images.xcassets */; };
		C89F1B1119BC932B00955288 /* Unit3Lesson2Tests.swift in Sources */ = {isa = PBXBuildFile; fileRef = C89F1B1019BC932B00955288 /* Unit3Lesson2Tests.swift */; };
/* End PBXBuildFile section */

/* Begin PBXContainerItemProxy section */
		C89F1B0B19BC932B00955288 /* PBXContainerItemProxy */ = {
			isa = PBXContainerItemProxy;
			containerPortal = C89F1AF019BC932A00955288 /* Project object */;
			proxyType = 1;
			remoteGlobalIDString = C89F1AF719BC932A00955288;
			remoteInfo = Unit3Lesson2;
		};
/* End PBXContainerItemProxy section */

/* Begin PBXFileReference section */
		C89F1AF819BC932A00955288 /* Unit3Lesson2.app */ = {isa = PBXFileReference; explicitFileType = wrapper.application; includeInIndex = 0; path = Unit3Lesson2.app; sourceTree = BUILT_PRODUCTS_DIR; };
		C89F1AFC19BC932A00955288 /* Info.plist */ = {isa = PBXFileReference; lastKnownFileType = text.plist.xml; path = Info.plist; sourceTree = "<group>"; };
		C89F1AFD19BC932A00955288 /* AppDelegate.swift */ = {isa = PBXFileReference; lastKnownFileType = sourcecode.swift; path = AppDelegate.swift; sourceTree = "<group>"; };
		C89F1AFF19BC932A00955288 /* ViewController.swift */ = {isa = PBXFileReference; lastKnownFileType = sourcecode.swift; path = ViewController.swift; sourceTree = "<group>"; };
		C89F1B0219BC932A00955288 /* Base */ = {isa = PBXFileReference; lastKnownFileType = file.storyboard; name = Base; path = Base.lproj/Main.storyboard; sourceTree = "<group>"; };
		C89F1B0419BC932A00955288 /* Images.xcassets */ = {isa = PBXFileReference; lastKnownFileType = folder.assetcatalog; path = Images.xcassets; sourceTree = "<group>"; };
		C89F1B0A19BC932B00955288 /* Unit3Lesson2Tests.xctest */ = {isa = PBXFileReference; explicitFileType = wrapper.cfbundle; includeInIndex = 0; path = Unit3Lesson2Tests.xctest; sourceTree = BUILT_PRODUCTS_DIR; };
		C89F1B0F19BC932B00955288 /* Info.plist */ = {isa = PBXFileReference; lastKnownFileType = text.plist.xml; path = Info.plist; sourceTree = "<group>"; };
		C89F1B1019BC932B00955288 /* Unit3Lesson2Tests.swift */ = {isa = PBXFileReference; lastKnownFileType = sourcecode.swift; path = Unit3Lesson2Tests.swift; sourceTree = "<group>"; };
/* End PBXFileReference section */

/* Begin PBXFrameworksBuildPhase section */
		C89F1AF519BC932A00955288 /* Frameworks */ = {
			isa = PBXFrameworksBuildPhase;
			buildActionMask = 2147483647;
			files = (
			);
			runOnlyForDeploymentPostprocessing = 0;
		};
		C89F1B0719BC932B00955288 /* Frameworks */ = {
			isa = PBXFrameworksBuildPhase;
			buildActionMask = 2147483647;
			files = (
			);
			runOnlyForDeploymentPostprocessing = 0;
		};
/* End PBXFrameworksBuildPhase section */

/* Begin PBXGroup section */
		C89F1AEF19BC932A00955288 = {
			isa = PBXGroup;
			children = (
				C89F1AFA19BC932A00955288 /* Unit3Lesson2 */,
				C89F1B0D19BC932B00955288 /* Unit3Lesson2Tests */,
				C89F1AF919BC932A00955288 /* Products */,
			);
			sourceTree = "<group>";
		};
		C89F1AF919BC932A00955288 /* Products */ = {
			isa = PBXGroup;
			children = (
				C89F1AF819BC932A00955288 /* Unit3Lesson2.app */,
				C89F1B0A19BC932B00955288 /* Unit3Lesson2Tests.xctest */,
			);
			name = Products;
			sourceTree = "<group>";
		};
		C89F1AFA19BC932A00955288 /* Unit3Lesson2 */ = {
			isa = PBXGroup;
			children = (
				C89F1AFD19BC932A00955288 /* AppDelegate.swift */,
				C89F1AFF19BC932A00955288 /* ViewController.swift */,
				C89F1B0119BC932A00955288 /* Main.storyboard */,
				C89F1B0419BC932A00955288 /* Images.xcassets */,
				C89F1AFB19BC932A00955288 /* Supporting Files */,
			);
			path = Unit3Lesson2;
			sourceTree = "<group>";
		};
		C89F1AFB19BC932A00955288 /* Supporting Files */ = {
			isa = PBXGroup;
			children = (
				C89F1AFC19BC932A00955288 /* Info.plist */,
			);
			name = "Supporting Files";
			sourceTree = "<group>";
		};
		C89F1B0D19BC932B00955288 /* Unit3Lesson2Tests */ = {
			isa = PBXGroup;
			children = (
				C89F1B1019BC932B00955288 /* Unit3Lesson2Tests.swift */,
				C89F1B0E19BC932B00955288 /* Supporting Files */,
			);
			path = Unit3Lesson2Tests;
			sourceTree = "<group>";
		};
		C89F1B0E19BC932B00955288 /* Supporting Files */ = {
			isa = PBXGroup;
			children = (
				C89F1B0F19BC932B00955288 /* Info.plist */,
			);
			name = "Supporting Files";
			sourceTree = "<group>";
		};
/* End PBXGroup section */

/* Begin PBXNativeTarget section */
		C89F1AF719BC932A00955288 /* Unit3Lesson2 */ = {
			isa = PBXNativeTarget;
			buildConfigurationList = C89F1B1419BC932B00955288 /* Build configuration list for PBXNativeTarget "Unit3Lesson2" */;
			buildPhases = (
				C89F1AF419BC932A00955288 /* Sources */,
				C89F1AF519BC932A00955288 /* Frameworks */,
				C89F1AF619BC932A00955288 /* Resources */,
			);
			buildRules = (
			);
			dependencies = (
			);
			name = Unit3Lesson2;
			productName = Unit3Lesson2;
			productReference = C89F1AF819BC932A00955288 /* Unit3Lesson2.app */;
			productType = "com.apple.product-type.application";
		};
		C89F1B0919BC932B00955288 /* Unit3Lesson2Tests */ = {
			isa = PBXNativeTarget;
			buildConfigurationList = C89F1B1719BC932B00955288 /* Build configuration list for PBXNativeTarget "Unit3Lesson2Tests" */;
			buildPhases = (
				C89F1B0619BC932B00955288 /* Sources */,
				C89F1B0719BC932B00955288 /* Frameworks */,
				C89F1B0819BC932B00955288 /* Resources */,
			);
			buildRules = (
			);
			dependencies = (
				C89F1B0C19BC932B00955288 /* PBXTargetDependency */,
			);
			name = Unit3Lesson2Tests;
			productName = Unit3Lesson2Tests;
			productReference = C89F1B0A19BC932B00955288 /* Unit3Lesson2Tests.xctest */;
			productType = "com.apple.product-type.bundle.unit-test";
		};
/* End PBXNativeTarget section */

/* Begin PBXProject section */
		C89F1AF019BC932A00955288 /* Project object */ = {
			isa = PBXProject;
			attributes = {
				LastUpgradeCheck = 0600;
				ORGANIZATIONNAME = maulr;
				TargetAttributes = {
					C89F1AF719BC932A00955288 = {
						CreatedOnToolsVersion = 6.0;
					};
					C89F1B0919BC932B00955288 = {
						CreatedOnToolsVersion = 6.0;
						TestTargetID = C89F1AF719BC932A00955288;
					};
				};
			};
			buildConfigurationList = C89F1AF319BC932A00955288 /* Build configuration list for PBXProject "Unit3Lesson2" */;
			compatibilityVersion = "Xcode 3.2";
			developmentRegion = English;
			hasScannedForEncodings = 0;
			knownRegions = (
				en,
				Base,
			);
			mainGroup = C89F1AEF19BC932A00955288;
			productRefGroup = C89F1AF919BC932A00955288 /* Products */;
			projectDirPath = "";
			projectRoot = "";
			targets = (
				C89F1AF719BC932A00955288 /* Unit3Lesson2 */,
				C89F1B0919BC932B00955288 /* Unit3Lesson2Tests */,
			);
		};
/* End PBXProject section */

/* Begin PBXResourcesBuildPhase section */
		C89F1AF619BC932A00955288 /* Resources */ = {
			isa = PBXResourcesBuildPhase;
			buildActionMask = 2147483647;
			files = (
				C89F1B0319BC932A00955288 /* Main.storyboard in Resources */,
				C89F1B0519BC932A00955288 /* Images.xcassets in Resources */,
			);
			runOnlyForDeploymentPostprocessing = 0;
		};
		C89F1B0819BC932B00955288 /* Resources */ = {
			isa = PBXResourcesBuildPhase;
			buildActionMask = 2147483647;
			files = (
			);
			runOnlyForDeploymentPostprocessing = 0;
		};
/* End PBXResourcesBuildPhase section */

/* Begin PBXSourcesBuildPhase section */
		C89F1AF419BC932A00955288 /* Sources */ = {
			isa = PBXSourcesBuildPhase;
			buildActionMask = 2147483647;
			files = (
				C89F1B0019BC932A00955288 /* ViewController.swift in Sources */,
				C89F1AFE19BC932A00955288 /* AppDelegate.swift in Sources */,
			);
			runOnlyForDeploymentPostprocessing = 0;
		};
		C89F1B0619BC932B00955288 /* Sources */ = {
			isa = PBXSourcesBuildPhase;
			buildActionMask = 2147483647;
			files = (
				C89F1B1119BC932B00955288 /* Unit3Lesson2Tests.swift in Sources */,
			);
			runOnlyForDeploymentPostprocessing = 0;
		};
/* End PBXSourcesBuildPhase section */

/* Begin PBXTargetDependency section */
		C89F1B0C19BC932B00955288 /* PBXTargetDependency */ = {
			isa = PBXTargetDependency;
			target = C89F1AF719BC932A00955288 /* Unit3Lesson2 */;
			targetProxy = C89F1B0B19BC932B00955288 /* PBXContainerItemProxy */;
		};
/* End PBXTargetDependency section */

/* Begin PBXVariantGroup section */
		C89F1B0119BC932A00955288 /* Main.storyboard */ = {
			isa = PBXVariantGroup;
			children = (
				C89F1B0219BC932A00955288 /* Base */,
			);
			name = Main.storyboard;
			sourceTree = "<group>";
		};
/* End PBXVariantGroup section */

/* Begin XCBuildConfiguration section */
		C89F1B1219BC932B00955288 /* Debug */ = {
			isa = XCBuildConfiguration;
			buildSettings = {
				ALWAYS_SEARCH_USER_PATHS = NO;
				CLANG_CXX_LANGUAGE_STANDARD = "gnu++0x";
				CLANG_CXX_LIBRARY = "libc++";
				CLANG_ENABLE_MODULES = YES;
				CLANG_ENABLE_OBJC_ARC = YES;
				CLANG_WARN_BOOL_CONVERSION = YES;
				CLANG_WARN_CONSTANT_CONVERSION = YES;
				CLANG_WARN_DIRECT_OBJC_ISA_USAGE = YES_ERROR;
				CLANG_WARN_EMPTY_BODY = YES;
				CLANG_WARN_ENUM_CONVERSION = YES;
				CLANG_WARN_INT_CONVERSION = YES;
				CLANG_WARN_OBJC_ROOT_CLASS = YES_ERROR;
				CLANG_WARN_UNREACHABLE_CODE = YES;
				CLANG_WARN__DUPLICATE_METHOD_MATCH = YES;
				"CODE_SIGN_IDENTITY[sdk=iphoneos*]" = "iPhone Developer";
				COPY_PHASE_STRIP = NO;
				ENABLE_STRICT_OBJC_MSGSEND = YES;
				GCC_C_LANGUAGE_STANDARD = gnu99;
				GCC_DYNAMIC_NO_PIC = NO;
				GCC_OPTIMIZATION_LEVEL = 0;
				GCC_PREPROCESSOR_DEFINITIONS = (
					"DEBUG=1",
					"$(inherited)",
				);
				GCC_SYMBOLS_PRIVATE_EXTERN = NO;
				GCC_WARN_64_TO_32_BIT_CONVERSION = YES;
				GCC_WARN_ABOUT_RETURN_TYPE = YES_ERROR;
				GCC_WARN_UNDECLARED_SELECTOR = YES;
				GCC_WARN_UNINITIALIZED_AUTOS = YES_AGGRESSIVE;
				GCC_WARN_UNUSED_FUNCTION = YES;
				GCC_WARN_UNUSED_VARIABLE = YES;
				IPHONEOS_DEPLOYMENT_TARGET = 8.0;
				MTL_ENABLE_DEBUG_INFO = YES;
				ONLY_ACTIVE_ARCH = YES;
				SDKROOT = iphoneos;
				SWIFT_OPTIMIZATION_LEVEL = "-Onone";
			};
			name = Debug;
		};
		C89F1B1319BC932B00955288 /* Release */ = {
			isa = XCBuildConfiguration;
			buildSettings = {
				ALWAYS_SEARCH_USER_PATHS = NO;
				CLANG_CXX_LANGUAGE_STANDARD = "gnu++0x";
				CLANG_CXX_LIBRARY = "libc++";
				CLANG_ENABLE_MODULES = YES;
				CLANG_ENABLE_OBJC_ARC = YES;
				CLANG_WARN_BOOL_CONVERSION = YES;
				CLANG_WARN_CONSTANT_CONVERSION = YES;
				CLANG_WARN_DIRECT_OBJC_ISA_USAGE = YES_ERROR;
				CLANG_WARN_EMPTY_BODY = YES;
				CLANG_WARN_ENUM_CONVERSION = YES;
				CLANG_WARN_INT_CONVERSION = YES;
				CLANG_WARN_OBJC_ROOT_CLASS = YES_ERROR;
				CLANG_WARN_UNREACHABLE_CODE = YES;
				CLANG_WARN__DUPLICATE_METHOD_MATCH = YES;
				"CODE_SIGN_IDENTITY[sdk=iphoneos*]" = "iPhone Developer";
				COPY_PHASE_STRIP = YES;
				ENABLE_NS_ASSERTIONS = NO;
				ENABLE_STRICT_OBJC_MSGSEND = YES;
				GCC_C_LANGUAGE_STANDARD = gnu99;
				GCC_WARN_64_TO_32_BIT_CONVERSION = YES;
				GCC_WARN_ABOUT_RETURN_TYPE = YES_ERROR;
				GCC_WARN_UNDECLARED_SELECTOR = YES;
				GCC_WARN_UNINITIALIZED_AUTOS = YES_AGGRESSIVE;
				GCC_WARN_UNUSED_FUNCTION = YES;
				GCC_WARN_UNUSED_VARIABLE = YES;
				IPHONEOS_DEPLOYMENT_TARGET = 8.0;
				MTL_ENABLE_DEBUG_INFO = NO;
				SDKROOT = iphoneos;
				VALIDATE_PRODUCT = YES;
			};
			name = Release;
		};
		C89F1B1519BC932B00955288 /* Debug */ = {
			isa = XCBuildConfiguration;
			buildSettings = {
				ASSETCATALOG_COMPILER_APPICON_NAME = AppIcon;
				ASSETCATALOG_COMPILER_LAUNCHIMAGE_NAME = LaunchImage;
				INFOPLIST_FILE = Unit3Lesson2/Info.plist;
				LD_RUNPATH_SEARCH_PATHS = "$(inherited) @executable_path/Frameworks";
				PRODUCT_NAME = "$(TARGET_NAME)";
			};
			name = Debug;
		};
		C89F1B1619BC932B00955288 /* Release */ = {
			isa = XCBuildConfiguration;
			buildSettings = {
				ASSETCATALOG_COMPILER_APPICON_NAME = AppIcon;
				ASSETCATALOG_COMPILER_LAUNCHIMAGE_NAME = LaunchImage;
				INFOPLIST_FILE = Unit3Lesson2/Info.plist;
				LD_RUNPATH_SEARCH_PATHS = "$(inherited) @executable_path/Frameworks";
				PRODUCT_NAME = "$(TARGET_NAME)";
			};
			name = Release;
		};
		C89F1B1819BC932B00955288 /* Debug */ = {
			isa = XCBuildConfiguration;
			buildSettings = {
				BUNDLE_LOADER = "$(TEST_HOST)";
				FRAMEWORK_SEARCH_PATHS = (
					"$(SDKROOT)/Developer/Library/Frameworks",
					"$(inherited)",
				);
				GCC_PREPROCESSOR_DEFINITIONS = (
					"DEBUG=1",
					"$(inherited)",
				);
				INFOPLIST_FILE = Unit3Lesson2Tests/Info.plist;
				LD_RUNPATH_SEARCH_PATHS = "$(inherited) @executable_path/Frameworks @loader_path/Frameworks";
				PRODUCT_NAME = "$(TARGET_NAME)";
				TEST_HOST = "$(BUILT_PRODUCTS_DIR)/Unit3Lesson2.app/Unit3Lesson2";
			};
			name = Debug;
		};
		C89F1B1919BC932B00955288 /* Release */ = {
			isa = XCBuildConfiguration;
			buildSettings = {
				BUNDLE_LOADER = "$(TEST_HOST)";
				FRAMEWORK_SEARCH_PATHS = (
					"$(SDKROOT)/Developer/Library/Frameworks",
					"$(inherited)",
				);
				INFOPLIST_FILE = Unit3Lesson2Tests/Info.plist;
				LD_RUNPATH_SEARCH_PATHS = "$(inherited) @executable_path/Frameworks @loader_path/Frameworks";
				PRODUCT_NAME = "$(TARGET_NAME)";
				TEST_HOST = "$(BUILT_PRODUCTS_DIR)/Unit3Lesson2.app/Unit3Lesson2";
			};
			name = Release;
		};
/* End XCBuildConfiguration section */

/* Begin XCConfigurationList section */
		C89F1AF319BC932A00955288 /* Build configuration list for PBXProject "Unit3Lesson2" */ = {
			isa = XCConfigurationList;
			buildConfigurations = (
				C89F1B1219BC932B00955288 /* Debug */,
				C89F1B1319BC932B00955288 /* Release */,
			);
			defaultConfigurationIsVisible = 0;
			defaultConfigurationName = Release;
		};
		C89F1B1419BC932B00955288 /* Build configuration list for PBXNativeTarget "Unit3Lesson2" */ = {
			isa = XCConfigurationList;
			buildConfigurations = (
				C89F1B1519BC932B00955288 /* Debug */,
				C89F1B1619BC932B00955288 /* Release */,
			);
			defaultConfigurationIsVisible = 0;
		};
		C89F1B1719BC932B00955288 /* Build configuration list for PBXNativeTarget "Unit3Lesson2Tests" */ = {
			isa = XCConfigurationList;
			buildConfigurations = (
				C89F1B1819BC932B00955288 /* Debug */,
				C89F1B1919BC932B00955288 /* Release */,
			);
			defaultConfigurationIsVisible = 0;
		};
/* End XCConfigurationList section */
	};
	rootObject = C89F1AF019BC932A00955288 /* Project object */;
}
